// !$*UTF8*$!
{
	archiveVersion = 1;
	classes = {
	};
	objectVersion = 48;
	objects = {

/* Begin PBXBuildFile section */
		6A776F47204F2293007023DD /* AppDelegate.swift in Sources */ = {isa = PBXBuildFile; fileRef = 6A776F46204F2293007023DD /* AppDelegate.swift */; };
		6A776F49204F2293007023DD /* ViewController.swift in Sources */ = {isa = PBXBuildFile; fileRef = 6A776F48204F2293007023DD /* ViewController.swift */; };
		6A776F4C204F2293007023DD /* Main.storyboard in Resources */ = {isa = PBXBuildFile; fileRef = 6A776F4A204F2293007023DD /* Main.storyboard */; };
		6A776F4E204F2293007023DD /* Assets.xcassets in Resources */ = {isa = PBXBuildFile; fileRef = 6A776F4D204F2293007023DD /* Assets.xcassets */; };
		6A776F51204F2293007023DD /* LaunchScreen.storyboard in Resources */ = {isa = PBXBuildFile; fileRef = 6A776F4F204F2293007023DD /* LaunchScreen.storyboard */; };
		6A85ED2E2050947A0048982E /* LoginViewController.swift in Sources */ = {isa = PBXBuildFile; fileRef = 6A85ED2D2050947A0048982E /* LoginViewController.swift */; };
		6A85ED322050BCFE0048982E /* APIManager.swift in Sources */ = {isa = PBXBuildFile; fileRef = 6A85ED312050BCFE0048982E /* APIManager.swift */; };
		6A8E8A6E2056D516000E1E80 /* AddEmailInfo.swift in Sources */ = {isa = PBXBuildFile; fileRef = 6A8E8A6D2056D516000E1E80 /* AddEmailInfo.swift */; };
		6A8E8A702056DF14000E1E80 /* UIHelper.swift in Sources */ = {isa = PBXBuildFile; fileRef = 6A8E8A6F2056DF14000E1E80 /* UIHelper.swift */; };
		6A8E8A722056FF10000E1E80 /* VerificationViewController.swift in Sources */ = {isa = PBXBuildFile; fileRef = 6A8E8A712056FF10000E1E80 /* VerificationViewController.swift */; };
		6A8E8A742057378B000E1E80 /* UserEmailInfo.swift in Sources */ = {isa = PBXBuildFile; fileRef = 6A8E8A732057378B000E1E80 /* UserEmailInfo.swift */; };
		9CF2C688DDA09A63590F7665 /* Pods_KitchenSink.framework in Frameworks */ = {isa = PBXBuildFile; fileRef = A2DA5842C5AF1472D655DFD4 /* Pods_KitchenSink.framework */; };
/* End PBXBuildFile section */

/* Begin PBXFileReference section */
		6A776F43204F2293007023DD /* KitchenSink.app */ = {isa = PBXFileReference; explicitFileType = wrapper.application; includeInIndex = 0; path = KitchenSink.app; sourceTree = BUILT_PRODUCTS_DIR; };
		6A776F46204F2293007023DD /* AppDelegate.swift */ = {isa = PBXFileReference; lastKnownFileType = sourcecode.swift; path = AppDelegate.swift; sourceTree = "<group>"; };
		6A776F48204F2293007023DD /* ViewController.swift */ = {isa = PBXFileReference; lastKnownFileType = sourcecode.swift; path = ViewController.swift; sourceTree = "<group>"; };
		6A776F4B204F2293007023DD /* Base */ = {isa = PBXFileReference; lastKnownFileType = file.storyboard; name = Base; path = Base.lproj/Main.storyboard; sourceTree = "<group>"; };
		6A776F4D204F2293007023DD /* Assets.xcassets */ = {isa = PBXFileReference; lastKnownFileType = folder.assetcatalog; path = Assets.xcassets; sourceTree = "<group>"; };
		6A776F50204F2293007023DD /* Base */ = {isa = PBXFileReference; lastKnownFileType = file.storyboard; name = Base; path = Base.lproj/LaunchScreen.storyboard; sourceTree = "<group>"; };
		6A776F52204F2293007023DD /* Info.plist */ = {isa = PBXFileReference; lastKnownFileType = text.plist.xml; path = Info.plist; sourceTree = "<group>"; };
		6A85ED2D2050947A0048982E /* LoginViewController.swift */ = {isa = PBXFileReference; lastKnownFileType = sourcecode.swift; path = LoginViewController.swift; sourceTree = "<group>"; };
		6A85ED312050BCFE0048982E /* APIManager.swift */ = {isa = PBXFileReference; lastKnownFileType = sourcecode.swift; path = APIManager.swift; sourceTree = "<group>"; };
		6A8E8A6D2056D516000E1E80 /* AddEmailInfo.swift */ = {isa = PBXFileReference; lastKnownFileType = sourcecode.swift; path = AddEmailInfo.swift; sourceTree = "<group>"; };
		6A8E8A6F2056DF14000E1E80 /* UIHelper.swift */ = {isa = PBXFileReference; lastKnownFileType = sourcecode.swift; path = UIHelper.swift; sourceTree = "<group>"; };
		6A8E8A712056FF10000E1E80 /* VerificationViewController.swift */ = {isa = PBXFileReference; lastKnownFileType = sourcecode.swift; path = VerificationViewController.swift; sourceTree = "<group>"; };
		6A8E8A732057378B000E1E80 /* UserEmailInfo.swift */ = {isa = PBXFileReference; lastKnownFileType = sourcecode.swift; path = UserEmailInfo.swift; sourceTree = "<group>"; };
		764BA869BBA22CE71C2EF51D /* Pods-KitchenSink.debug.xcconfig */ = {isa = PBXFileReference; includeInIndex = 1; lastKnownFileType = text.xcconfig; name = "Pods-KitchenSink.debug.xcconfig"; path = "Pods/Target Support Files/Pods-KitchenSink/Pods-KitchenSink.debug.xcconfig"; sourceTree = "<group>"; };
		8166F6D126A0B46661C1C371 /* Pods-KitchenSink.release.xcconfig */ = {isa = PBXFileReference; includeInIndex = 1; lastKnownFileType = text.xcconfig; name = "Pods-KitchenSink.release.xcconfig"; path = "Pods/Target Support Files/Pods-KitchenSink/Pods-KitchenSink.release.xcconfig"; sourceTree = "<group>"; };
		A2DA5842C5AF1472D655DFD4 /* Pods_KitchenSink.framework */ = {isa = PBXFileReference; explicitFileType = wrapper.framework; includeInIndex = 0; path = Pods_KitchenSink.framework; sourceTree = BUILT_PRODUCTS_DIR; };
/* End PBXFileReference section */

/* Begin PBXFrameworksBuildPhase section */
		6A776F40204F2293007023DD /* Frameworks */ = {
			isa = PBXFrameworksBuildPhase;
			buildActionMask = 2147483647;
			files = (
				9CF2C688DDA09A63590F7665 /* Pods_KitchenSink.framework in Frameworks */,
			);
			runOnlyForDeploymentPostprocessing = 0;
		};
/* End PBXFrameworksBuildPhase section */

/* Begin PBXGroup section */
		61A62428B9ADCB0EDC9B3A31 /* Pods */ = {
			isa = PBXGroup;
			children = (
				764BA869BBA22CE71C2EF51D /* Pods-KitchenSink.debug.xcconfig */,
				8166F6D126A0B46661C1C371 /* Pods-KitchenSink.release.xcconfig */,
			);
			name = Pods;
			sourceTree = "<group>";
		};
		6A776F3A204F2293007023DD = {
			isa = PBXGroup;
			children = (
				6A776F45204F2293007023DD /* KitchenSink */,
				6A776F44204F2293007023DD /* Products */,
				61A62428B9ADCB0EDC9B3A31 /* Pods */,
				D19DB58D5287D143D43CB055 /* Frameworks */,
			);
			sourceTree = "<group>";
		};
		6A776F44204F2293007023DD /* Products */ = {
			isa = PBXGroup;
			children = (
				6A776F43204F2293007023DD /* KitchenSink.app */,
			);
			name = Products;
			sourceTree = "<group>";
		};
		6A776F45204F2293007023DD /* KitchenSink */ = {
			isa = PBXGroup;
			children = (
				6A85ED312050BCFE0048982E /* APIManager.swift */,
				6A8E8A732057378B000E1E80 /* UserEmailInfo.swift */,
				6A8E8A6F2056DF14000E1E80 /* UIHelper.swift */,
				6A8E8A6D2056D516000E1E80 /* AddEmailInfo.swift */,
				6A776F46204F2293007023DD /* AppDelegate.swift */,
				6A776F48204F2293007023DD /* ViewController.swift */,
				6A776F4A204F2293007023DD /* Main.storyboard */,
				6A8E8A712056FF10000E1E80 /* VerificationViewController.swift */,
				6A85ED2D2050947A0048982E /* LoginViewController.swift */,
				6A776F4D204F2293007023DD /* Assets.xcassets */,
				6A776F4F204F2293007023DD /* LaunchScreen.storyboard */,
				6A776F52204F2293007023DD /* Info.plist */,
			);
			path = KitchenSink;
			sourceTree = "<group>";
		};
		D19DB58D5287D143D43CB055 /* Frameworks */ = {
			isa = PBXGroup;
			children = (
				A2DA5842C5AF1472D655DFD4 /* Pods_KitchenSink.framework */,
			);
			name = Frameworks;
			sourceTree = "<group>";
		};
/* End PBXGroup section */

/* Begin PBXNativeTarget section */
		6A776F42204F2293007023DD /* KitchenSink */ = {
			isa = PBXNativeTarget;
			buildConfigurationList = 6A776F55204F2293007023DD /* Build configuration list for PBXNativeTarget "KitchenSink" */;
			buildPhases = (
				803BD62EFF88EEC0625C8FFD /* [CP] Check Pods Manifest.lock */,
				6A776F3F204F2293007023DD /* Sources */,
				6A776F40204F2293007023DD /* Frameworks */,
				6A776F41204F2293007023DD /* Resources */,
				ED05F709B8ACE5AD7240E82D /* [CP] Embed Pods Frameworks */,
				79BCC20ED4916B15C1557EB2 /* [CP] Copy Pods Resources */,
			);
			buildRules = (
			);
			dependencies = (
			);
			name = KitchenSink;
			productName = KitchenSink;
			productReference = 6A776F43204F2293007023DD /* KitchenSink.app */;
			productType = "com.apple.product-type.application";
		};
/* End PBXNativeTarget section */

/* Begin PBXProject section */
		6A776F3B204F2293007023DD /* Project object */ = {
			isa = PBXProject;
			attributes = {
				LastSwiftUpdateCheck = 0920;
				LastUpgradeCheck = 0920;
				ORGANIZATIONNAME = "Elle Ti";
				TargetAttributes = {
					6A776F42204F2293007023DD = {
						CreatedOnToolsVersion = 9.2;
						ProvisioningStyle = Automatic;
					};
				};
			};
			buildConfigurationList = 6A776F3E204F2293007023DD /* Build configuration list for PBXProject "KitchenSink" */;
			compatibilityVersion = "Xcode 8.0";
			developmentRegion = en;
			hasScannedForEncodings = 0;
			knownRegions = (
				en,
				Base,
			);
			mainGroup = 6A776F3A204F2293007023DD;
			productRefGroup = 6A776F44204F2293007023DD /* Products */;
			projectDirPath = "";
			projectRoot = "";
			targets = (
				6A776F42204F2293007023DD /* KitchenSink */,
			);
		};
/* End PBXProject section */

/* Begin PBXResourcesBuildPhase section */
		6A776F41204F2293007023DD /* Resources */ = {
			isa = PBXResourcesBuildPhase;
			buildActionMask = 2147483647;
			files = (
				6A776F51204F2293007023DD /* LaunchScreen.storyboard in Resources */,
				6A776F4E204F2293007023DD /* Assets.xcassets in Resources */,
				6A776F4C204F2293007023DD /* Main.storyboard in Resources */,
			);
			runOnlyForDeploymentPostprocessing = 0;
		};
/* End PBXResourcesBuildPhase section */

/* Begin PBXShellScriptBuildPhase section */
		79BCC20ED4916B15C1557EB2 /* [CP] Copy Pods Resources */ = {
			isa = PBXShellScriptBuildPhase;
			buildActionMask = 2147483647;
			files = (
			);
			inputPaths = (
			);
			name = "[CP] Copy Pods Resources";
			outputPaths = (
			);
			runOnlyForDeploymentPostprocessing = 0;
			shellPath = /bin/sh;
			shellScript = "\"${SRCROOT}/Pods/Target Support Files/Pods-KitchenSink/Pods-KitchenSink-resources.sh\"\n";
			showEnvVarsInLog = 0;
		};
		803BD62EFF88EEC0625C8FFD /* [CP] Check Pods Manifest.lock */ = {
			isa = PBXShellScriptBuildPhase;
			buildActionMask = 2147483647;
			files = (
			);
			inputPaths = (
				"${PODS_PODFILE_DIR_PATH}/Podfile.lock",
				"${PODS_ROOT}/Manifest.lock",
			);
			name = "[CP] Check Pods Manifest.lock";
			outputPaths = (
				"$(DERIVED_FILE_DIR)/Pods-KitchenSink-checkManifestLockResult.txt",
			);
			runOnlyForDeploymentPostprocessing = 0;
			shellPath = /bin/sh;
			shellScript = "diff \"${PODS_PODFILE_DIR_PATH}/Podfile.lock\" \"${PODS_ROOT}/Manifest.lock\" > /dev/null\nif [ $? != 0 ] ; then\n    # print error to STDERR\n    echo \"error: The sandbox is not in sync with the Podfile.lock. Run 'pod install' or update your CocoaPods installation.\" >&2\n    exit 1\nfi\n# This output is used by Xcode 'outputs' to avoid re-running this script phase.\necho \"SUCCESS\" > \"${SCRIPT_OUTPUT_FILE_0}\"\n";
			showEnvVarsInLog = 0;
		};
		ED05F709B8ACE5AD7240E82D /* [CP] Embed Pods Frameworks */ = {
			isa = PBXShellScriptBuildPhase;
			buildActionMask = 2147483647;
			files = (
			);
			inputPaths = (
				"${SRCROOT}/Pods/Target Support Files/Pods-KitchenSink/Pods-KitchenSink-frameworks.sh",
				"${BUILT_PRODUCTS_DIR}/Amplitude-iOS/Amplitude_iOS.framework",
				"${BUILT_PRODUCTS_DIR}/OAuthSwift/OAuthSwift.framework",
			);
			name = "[CP] Embed Pods Frameworks";
			outputPaths = (
				"${TARGET_BUILD_DIR}/${FRAMEWORKS_FOLDER_PATH}/Amplitude_iOS.framework",
				"${TARGET_BUILD_DIR}/${FRAMEWORKS_FOLDER_PATH}/OAuthSwift.framework",
			);
			runOnlyForDeploymentPostprocessing = 0;
			shellPath = /bin/sh;
			shellScript = "\"${SRCROOT}/Pods/Target Support Files/Pods-KitchenSink/Pods-KitchenSink-frameworks.sh\"\n";
			showEnvVarsInLog = 0;
		};
/* End PBXShellScriptBuildPhase section */

/* Begin PBXSourcesBuildPhase section */
		6A776F3F204F2293007023DD /* Sources */ = {
			isa = PBXSourcesBuildPhase;
			buildActionMask = 2147483647;
			files = (
				6A85ED322050BCFE0048982E /* APIManager.swift in Sources */,
				6A8E8A742057378B000E1E80 /* UserEmailInfo.swift in Sources */,
				6A8E8A6E2056D516000E1E80 /* AddEmailInfo.swift in Sources */,
				6A85ED2E2050947A0048982E /* LoginViewController.swift in Sources */,
				6A776F49204F2293007023DD /* ViewController.swift in Sources */,
				6A776F47204F2293007023DD /* AppDelegate.swift in Sources */,
				6A8E8A722056FF10000E1E80 /* VerificationViewController.swift in Sources */,
				6A8E8A702056DF14000E1E80 /* UIHelper.swift in Sources */,
			);
			runOnlyForDeploymentPostprocessing = 0;
		};
/* End PBXSourcesBuildPhase section */

/* Begin PBXVariantGroup section */
		6A776F4A204F2293007023DD /* Main.storyboard */ = {
			isa = PBXVariantGroup;
			children = (
				6A776F4B204F2293007023DD /* Base */,
			);
			name = Main.storyboard;
			sourceTree = "<group>";
		};
		6A776F4F204F2293007023DD /* LaunchScreen.storyboard */ = {
			isa = PBXVariantGroup;
			children = (
				6A776F50204F2293007023DD /* Base */,
			);
			name = LaunchScreen.storyboard;
			sourceTree = "<group>";
		};
/* End PBXVariantGroup section */

/* Begin XCBuildConfiguration section */
		6A776F53204F2293007023DD /* Debug */ = {
			isa = XCBuildConfiguration;
			buildSettings = {
				ALWAYS_SEARCH_USER_PATHS = NO;
				CLANG_ANALYZER_NONNULL = YES;
				CLANG_ANALYZER_NUMBER_OBJECT_CONVERSION = YES_AGGRESSIVE;
				CLANG_CXX_LANGUAGE_STANDARD = "gnu++14";
				CLANG_CXX_LIBRARY = "libc++";
				CLANG_ENABLE_MODULES = YES;
				CLANG_ENABLE_OBJC_ARC = YES;
				CLANG_WARN_BLOCK_CAPTURE_AUTORELEASING = YES;
				CLANG_WARN_BOOL_CONVERSION = YES;
				CLANG_WARN_COMMA = YES;
				CLANG_WARN_CONSTANT_CONVERSION = YES;
				CLANG_WARN_DIRECT_OBJC_ISA_USAGE = YES_ERROR;
				CLANG_WARN_DOCUMENTATION_COMMENTS = YES;
				CLANG_WARN_EMPTY_BODY = YES;
				CLANG_WARN_ENUM_CONVERSION = YES;
				CLANG_WARN_INFINITE_RECURSION = YES;
				CLANG_WARN_INT_CONVERSION = YES;
				CLANG_WARN_NON_LITERAL_NULL_CONVERSION = YES;
				CLANG_WARN_OBJC_LITERAL_CONVERSION = YES;
				CLANG_WARN_OBJC_ROOT_CLASS = YES_ERROR;
				CLANG_WARN_RANGE_LOOP_ANALYSIS = YES;
				CLANG_WARN_STRICT_PROTOTYPES = YES;
				CLANG_WARN_SUSPICIOUS_MOVE = YES;
				CLANG_WARN_UNGUARDED_AVAILABILITY = YES_AGGRESSIVE;
				CLANG_WARN_UNREACHABLE_CODE = YES;
				CLANG_WARN__DUPLICATE_METHOD_MATCH = YES;
				CODE_SIGN_IDENTITY = "iPhone Developer";
				COPY_PHASE_STRIP = NO;
				DEBUG_INFORMATION_FORMAT = dwarf;
				ENABLE_STRICT_OBJC_MSGSEND = YES;
				ENABLE_TESTABILITY = YES;
				GCC_C_LANGUAGE_STANDARD = gnu11;
				GCC_DYNAMIC_NO_PIC = NO;
				GCC_NO_COMMON_BLOCKS = YES;
				GCC_OPTIMIZATION_LEVEL = 0;
				GCC_PREPROCESSOR_DEFINITIONS = (
					"DEBUG=1",
					"$(inherited)",
				);
				GCC_WARN_64_TO_32_BIT_CONVERSION = YES;
				GCC_WARN_ABOUT_RETURN_TYPE = YES_ERROR;
				GCC_WARN_UNDECLARED_SELECTOR = YES;
				GCC_WARN_UNINITIALIZED_AUTOS = YES_AGGRESSIVE;
				GCC_WARN_UNUSED_FUNCTION = YES;
				GCC_WARN_UNUSED_VARIABLE = YES;
				IPHONEOS_DEPLOYMENT_TARGET = 11.2;
				MTL_ENABLE_DEBUG_INFO = YES;
				ONLY_ACTIVE_ARCH = YES;
				SDKROOT = iphoneos;
				SWIFT_ACTIVE_COMPILATION_CONDITIONS = DEBUG;
				SWIFT_OPTIMIZATION_LEVEL = "-Onone";
			};
			name = Debug;
		};
		6A776F54204F2293007023DD /* Release */ = {
			isa = XCBuildConfiguration;
			buildSettings = {
				ALWAYS_SEARCH_USER_PATHS = NO;
				CLANG_ANALYZER_NONNULL = YES;
				CLANG_ANALYZER_NUMBER_OBJECT_CONVERSION = YES_AGGRESSIVE;
				CLANG_CXX_LANGUAGE_STANDARD = "gnu++14";
				CLANG_CXX_LIBRARY = "libc++";
				CLANG_ENABLE_MODULES = YES;
				CLANG_ENABLE_OBJC_ARC = YES;
				CLANG_WARN_BLOCK_CAPTURE_AUTORELEASING = YES;
				CLANG_WARN_BOOL_CONVERSION = YES;
				CLANG_WARN_COMMA = YES;
				CLANG_WARN_CONSTANT_CONVERSION = YES;
				CLANG_WARN_DIRECT_OBJC_ISA_USAGE = YES_ERROR;
				CLANG_WARN_DOCUMENTATION_COMMENTS = YES;
				CLANG_WARN_EMPTY_BODY = YES;
				CLANG_WARN_ENUM_CONVERSION = YES;
				CLANG_WARN_INFINITE_RECURSION = YES;
				CLANG_WARN_INT_CONVERSION = YES;
				CLANG_WARN_NON_LITERAL_NULL_CONVERSION = YES;
				CLANG_WARN_OBJC_LITERAL_CONVERSION = YES;
				CLANG_WARN_OBJC_ROOT_CLASS = YES_ERROR;
				CLANG_WARN_RANGE_LOOP_ANALYSIS = YES;
				CLANG_WARN_STRICT_PROTOTYPES = YES;
				CLANG_WARN_SUSPICIOUS_MOVE = YES;
				CLANG_WARN_UNGUARDED_AVAILABILITY = YES_AGGRESSIVE;
				CLANG_WARN_UNREACHABLE_CODE = YES;
				CLANG_WARN__DUPLICATE_METHOD_MATCH = YES;
				CODE_SIGN_IDENTITY = "iPhone Developer";
				COPY_PHASE_STRIP = NO;
				DEBUG_INFORMATION_FORMAT = "dwarf-with-dsym";
				ENABLE_NS_ASSERTIONS = NO;
				ENABLE_STRICT_OBJC_MSGSEND = YES;
				GCC_C_LANGUAGE_STANDARD = gnu11;
				GCC_NO_COMMON_BLOCKS = YES;
				GCC_WARN_64_TO_32_BIT_CONVERSION = YES;
				GCC_WARN_ABOUT_RETURN_TYPE = YES_ERROR;
				GCC_WARN_UNDECLARED_SELECTOR = YES;
				GCC_WARN_UNINITIALIZED_AUTOS = YES_AGGRESSIVE;
				GCC_WARN_UNUSED_FUNCTION = YES;
				GCC_WARN_UNUSED_VARIABLE = YES;
				IPHONEOS_DEPLOYMENT_TARGET = 11.2;
				MTL_ENABLE_DEBUG_INFO = NO;
				SDKROOT = iphoneos;
				SWIFT_OPTIMIZATION_LEVEL = "-Owholemodule";
				VALIDATE_PRODUCT = YES;
			};
			name = Release;
		};
		6A776F56204F2293007023DD /* Debug */ = {
			isa = XCBuildConfiguration;
			baseConfigurationReference = 764BA869BBA22CE71C2EF51D /* Pods-KitchenSink.debug.xcconfig */;
			buildSettings = {
				ASSETCATALOG_COMPILER_APPICON_NAME = AppIcon;
				CODE_SIGN_STYLE = Automatic;
				DEVELOPMENT_TEAM = L595LLJNVG;
				INFOPLIST_FILE = KitchenSink/Info.plist;
				LD_RUNPATH_SEARCH_PATHS = "$(inherited) @executable_path/Frameworks";
				PRODUCT_BUNDLE_IDENTIFIER = frostnova.org.KitchenSink;
				PRODUCT_NAME = "$(TARGET_NAME)";
				SWIFT_VERSION = 4.0;
				TARGETED_DEVICE_FAMILY = "1,2";
			};
			name = Debug;
		};
		6A776F57204F2293007023DD /* Release */ = {
			isa = XCBuildConfiguration;
			baseConfigurationReference = 8166F6D126A0B46661C1C371 /* Pods-KitchenSink.release.xcconfig */;
			buildSettings = {
				ASSETCATALOG_COMPILER_APPICON_NAME = AppIcon;
				CODE_SIGN_STYLE = Automatic;
				DEVELOPMENT_TEAM = L595LLJNVG;
				INFOPLIST_FILE = KitchenSink/Info.plist;
				LD_RUNPATH_SEARCH_PATHS = "$(inherited) @executable_path/Frameworks";
				PRODUCT_BUNDLE_IDENTIFIER = frostnova.org.KitchenSink;
				PRODUCT_NAME = "$(TARGET_NAME)";
				SWIFT_VERSION = 4.0;
				TARGETED_DEVICE_FAMILY = "1,2";
			};
			name = Release;
		};
/* End XCBuildConfiguration section */

/* Begin XCConfigurationList section */
		6A776F3E204F2293007023DD /* Build configuration list for PBXProject "KitchenSink" */ = {
			isa = XCConfigurationList;
			buildConfigurations = (
				6A776F53204F2293007023DD /* Debug */,
				6A776F54204F2293007023DD /* Release */,
			);
			defaultConfigurationIsVisible = 0;
			defaultConfigurationName = Release;
		};
		6A776F55204F2293007023DD /* Build configuration list for PBXNativeTarget "KitchenSink" */ = {
			isa = XCConfigurationList;
			buildConfigurations = (
				6A776F56204F2293007023DD /* Debug */,
				6A776F57204F2293007023DD /* Release */,
			);
			defaultConfigurationIsVisible = 0;
			defaultConfigurationName = Release;
		};
/* End XCConfigurationList section */
	};
	rootObject = 6A776F3B204F2293007023DD /* Project object */;
}
